
Microsoft Visual Studio Solution File, Format Version 12.00
# Visual Studio Version 17
VisualStudioVersion = 17.10.35013.160
MinimumVisualStudioVersion = 10.0.40219.1
Project("{FAE04EC0-301F-11D3-BF4B-00C04F79EFBC}") = "Complex2024", "Complex2024\Complex2024.csproj", "{7FD03F9F-4403-4B46-B0BA-927B7871877B}"
EndProject
Global
	GlobalSection(SolutionConfigurationPlatforms) = preSolution
		Debug|Any CPU = Debug|Any CPU
		Release|Any CPU = Release|Any CPU
	EndGlobalSection
	GlobalSection(ProjectConfigurationPlatforms) = postSolution
		{7FD03F9F-4403-4B46-B0BA-927B7871877B}.Debug|Any CPU.ActiveCfg = Debug|Any CPU
		{7FD03F9F-4403-4B46-B0BA-927B7871877B}.Debug|Any CPU.Build.0 = Debug|Any CPU
		{7FD03F9F-4403-4B46-B0BA-927B7871877B}.Release|Any CPU.ActiveCfg = Release|Any CPU
		{7FD03F9F-4403-4B46-B0BA-927B7871877B}.Release|Any CPU.Build.0 = Release|Any CPU
	EndGlobalSection
	GlobalSection(SolutionProperties) = preSolution
		HideSolutionNode = FALSE
	EndGlobalSection
	GlobalSection(ExtensibilityGlobals) = postSolution
		SolutionGuid = {DEA53B78-B7C3-4FA4-8512-B30F310C14EF}
	EndGlobalSection
EndGlobal
